Microsoft Visual Studio Solution File, Format Version 12.00
# Visual Studio Version 17
VisualStudioVersion = 17.5.2.0
MinimumVisualStudioVersion = 10.0.40219.1
Project("{FAE04EC0-301F-11D3-BF4B-00C04F79EFBC}") = "nodequest", "nodequest.csproj", "{AA52EFA6-7BA2-760D-C198-0A566741F1EA}"
EndProject
Global
	GlobalSection(SolutionConfigurationPlatforms) = preSolution
		Debug|Any CPU = Debug|Any CPU
		Release|Any CPU = Release|Any CPU
	EndGlobalSection
	GlobalSection(ProjectConfigurationPlatforms) = postSolution
		{AA52EFA6-7BA2-760D-C198-0A566741F1EA}.Debug|Any CPU.ActiveCfg = Debug|Any CPU
		{AA52EFA6-7BA2-760D-C198-0A566741F1EA}.Debug|Any CPU.Build.0 = Debug|Any CPU
		{AA52EFA6-7BA2-760D-C198-0A566741F1EA}.Release|Any CPU.ActiveCfg = Release|Any CPU
		{AA52EFA6-7BA2-760D-C198-0A566741F1EA}.Release|Any CPU.Build.0 = Release|Any CPU
	EndGlobalSection
	GlobalSection(SolutionProperties) = preSolution
		HideSolutionNode = FALSE
	EndGlobalSection
	GlobalSection(ExtensibilityGlobals) = postSolution
		SolutionGuid = {D859CDE2-3044-4D31-86CE-1120270FEE79}
	EndGlobalSection
EndGlobal
